
Microsoft Visual Studio Solution File, Format Version 12.00
# Visual Studio Version 17
VisualStudioVersion = 17.8.34511.84
MinimumVisualStudioVersion = 10.0.40219.1
Project("{8BC9CEB8-8B4A-11D0-8D11-00A0C91BC942}") = "MaximumWealth", "Project1.vcxproj", "{779CF087-AD74-43FC-AC0F-38500FA1FBC5}"
EndProject
Project("{8BC9CEB8-8B4A-11D0-8D11-00A0C91BC942}") = "FizzBuzz", "..\FizzBuzz\FizzBuzz.vcxproj", "{62DBA407-A2AF-46D5-B0FE-BBF029C9E3AB}"
EndProject
Project("{8BC9CEB8-8B4A-11D0-8D11-00A0C91BC942}") = "ReduceToZero", "..\ReduceToZero\ReduceToZero.vcxproj", "{2D47D0DB-8DDB-4F38-B9B4-A910C9BD5D4E}"
EndProject
Project("{8BC9CEB8-8B4A-11D0-8D11-00A0C91BC942}") = "MiddleOfTheLinkedList", "..\MiddleOfTheLinkedList\MiddleOfTheLinkedList.vcxproj", "{CF5C7E3F-76B8-424F-88A8-2B0136615268}"
EndProject
Project("{8BC9CEB8-8B4A-11D0-8D11-00A0C91BC942}") = "RansomNote", "..\RansomNote\RansomNote.vcxproj", "{B3EC367F-2A5D-4A44-B2A3-3C1DB9BF7613}"
EndProject
Project("{8BC9CEB8-8B4A-11D0-8D11-00A0C91BC942}") = "MergeStringsAlternatly", "..\MergeStringsAlternatly\MergeStringsAlternatly.vcxproj", "{789E68A2-B55D-4C94-8728-0F4CFDF41887}"
EndProject
Project("{8BC9CEB8-8B4A-11D0-8D11-00A0C91BC942}") = "RemoveDuplicates", "..\RemoveDuplicates\RemoveDuplicates.vcxproj", "{56E4F509-02FB-4FCB-A4AA-907B73461369}"
EndProject
Project("{8BC9CEB8-8B4A-11D0-8D11-00A0C91BC942}") = "BestStockTime", "..\BestStockTime\BestStockTime.vcxproj", "{8325FAD9-7D92-4059-8305-28D872ED2080}"
EndProject
Project("{8BC9CEB8-8B4A-11D0-8D11-00A0C91BC942}") = "RotateArray", "..\RotateArray\RotateArray.vcxproj", "{C6D7E453-8E4C-4828-94C4-E9F1B26C7404}"
EndProject
Project("{8BC9CEB8-8B4A-11D0-8D11-00A0C91BC942}") = "ContainsDuplicate", "..\ContainsDuplicate\ContainsDuplicate.vcxproj", "{96F4F227-4B83-405C-ABDC-650F2E6465DD}"
EndProject
Project("{8BC9CEB8-8B4A-11D0-8D11-00A0C91BC942}") = "SingleNumber", "..\SingleNumber\SingleNumber.vcxproj", "{97DEBE9E-B287-4232-94CC-67016A34EA29}"
EndProject
Project("{8BC9CEB8-8B4A-11D0-8D11-00A0C91BC942}") = "IntersectionOfTwoArraysII", "..\IntersectionOfTwoArraysII\IntersectionOfTwoArraysII.vcxproj", "{FCC466BE-4704-415E-9873-EEECC5351EEE}"
EndProject
Project("{8BC9CEB8-8B4A-11D0-8D11-00A0C91BC942}") = "PlusOne", "..\PlusOne\PlusOne.vcxproj", "{A467946F-0614-4ABC-ABE2-8DB2D22AC991}"
EndProject
Project("{8BC9CEB8-8B4A-11D0-8D11-00A0C91BC942}") = "MoveZeroes", "..\MoveZeroes\MoveZeroes.vcxproj", "{8725318B-0C21-4E8F-AA1C-F21165E4A07B}"
EndProject
Project("{8BC9CEB8-8B4A-11D0-8D11-00A0C91BC942}") = "TwoSum", "..\TwoSum\TwoSum.vcxproj", "{418D323D-EADE-448C-ADFB-35E1636FF452}"
EndProject
Project("{8BC9CEB8-8B4A-11D0-8D11-00A0C91BC942}") = "ValidSudoku", "..\ValidSudoku\ValidSudoku.vcxproj", "{13C8B369-BC99-44D8-BCD1-DEF4435E28A2}"
EndProject
Project("{8BC9CEB8-8B4A-11D0-8D11-00A0C91BC942}") = "RotateImage", "..\RotateImage\RotateImage.vcxproj", "{E9CF6DBC-A128-4348-AF20-726EA016C278}"
EndProject
Project("{8BC9CEB8-8B4A-11D0-8D11-00A0C91BC942}") = "ReverseString", "..\ReverseString\ReverseString.vcxproj", "{C0D5DB57-6FBC-488F-B26C-7351D8AF9C48}"
EndProject
Project("{8BC9CEB8-8B4A-11D0-8D11-00A0C91BC942}") = "ReverseInteger", "..\ReverseInteger\ReverseInteger.vcxproj", "{AC6B1A59-BC06-40D3-8737-5CFBE786FEF6}"
EndProject
Project("{8BC9CEB8-8B4A-11D0-8D11-00A0C91BC942}") = "FirstUniqChar", "..\FirstUniqChar\FirstUniqChar.vcxproj", "{F420C37A-FF4C-41E9-AC95-DFD5BC2D6749}"
EndProject
Project("{8BC9CEB8-8B4A-11D0-8D11-00A0C91BC942}") = "ValidAnagram", "..\ValidAnagram\ValidAnagram.vcxproj", "{A81083EF-5E0E-4BF1-A6DE-2A0CEF33A6A4}"
EndProject
Project("{8BC9CEB8-8B4A-11D0-8D11-00A0C91BC942}") = "ValidPalindrom", "..\ValidPalindrom\ValidPalindrom.vcxproj", "{1174260F-F367-4C56-BA3D-A8FE56259DFB}"
EndProject
Global
	GlobalSection(SolutionConfigurationPlatforms) = preSolution
		Debug|x64 = Debug|x64
		Debug|x86 = Debug|x86
		Release|x64 = Release|x64
		Release|x86 = Release|x86
	EndGlobalSection
	GlobalSection(ProjectConfigurationPlatforms) = postSolution
		{779CF087-AD74-43FC-AC0F-38500FA1FBC5}.Debug|x64.ActiveCfg = Debug|x64
		{779CF087-AD74-43FC-AC0F-38500FA1FBC5}.Debug|x64.Build.0 = Debug|x64
		{779CF087-AD74-43FC-AC0F-38500FA1FBC5}.Debug|x86.ActiveCfg = Debug|Win32
		{779CF087-AD74-43FC-AC0F-38500FA1FBC5}.Debug|x86.Build.0 = Debug|Win32
		{779CF087-AD74-43FC-AC0F-38500FA1FBC5}.Release|x64.ActiveCfg = Release|x64
		{779CF087-AD74-43FC-AC0F-38500FA1FBC5}.Release|x64.Build.0 = Release|x64
		{779CF087-AD74-43FC-AC0F-38500FA1FBC5}.Release|x86.ActiveCfg = Release|Win32
		{779CF087-AD74-43FC-AC0F-38500FA1FBC5}.Release|x86.Build.0 = Release|Win32
		{62DBA407-A2AF-46D5-B0FE-BBF029C9E3AB}.Debug|x64.ActiveCfg = Debug|x64
		{62DBA407-A2AF-46D5-B0FE-BBF029C9E3AB}.Debug|x64.Build.0 = Debug|x64
		{62DBA407-A2AF-46D5-B0FE-BBF029C9E3AB}.Debug|x86.ActiveCfg = Debug|Win32
		{62DBA407-A2AF-46D5-B0FE-BBF029C9E3AB}.Debug|x86.Build.0 = Debug|Win32
		{62DBA407-A2AF-46D5-B0FE-BBF029C9E3AB}.Release|x64.ActiveCfg = Release|x64
		{62DBA407-A2AF-46D5-B0FE-BBF029C9E3AB}.Release|x64.Build.0 = Release|x64
		{62DBA407-A2AF-46D5-B0FE-BBF029C9E3AB}.Release|x86.ActiveCfg = Release|Win32
		{62DBA407-A2AF-46D5-B0FE-BBF029C9E3AB}.Release|x86.Build.0 = Release|Win32
		{2D47D0DB-8DDB-4F38-B9B4-A910C9BD5D4E}.Debug|x64.ActiveCfg = Debug|x64
		{2D47D0DB-8DDB-4F38-B9B4-A910C9BD5D4E}.Debug|x64.Build.0 = Debug|x64
		{2D47D0DB-8DDB-4F38-B9B4-A910C9BD5D4E}.Debug|x86.ActiveCfg = Debug|Win32
		{2D47D0DB-8DDB-4F38-B9B4-A910C9BD5D4E}.Debug|x86.Build.0 = Debug|Win32
		{2D47D0DB-8DDB-4F38-B9B4-A910C9BD5D4E}.Release|x64.ActiveCfg = Release|x64
		{2D47D0DB-8DDB-4F38-B9B4-A910C9BD5D4E}.Release|x64.Build.0 = Release|x64
		{2D47D0DB-8DDB-4F38-B9B4-A910C9BD5D4E}.Release|x86.ActiveCfg = Release|Win32
		{2D47D0DB-8DDB-4F38-B9B4-A910C9BD5D4E}.Release|x86.Build.0 = Release|Win32
		{CF5C7E3F-76B8-424F-88A8-2B0136615268}.Debug|x64.ActiveCfg = Debug|x64
		{CF5C7E3F-76B8-424F-88A8-2B0136615268}.Debug|x64.Build.0 = Debug|x64
		{CF5C7E3F-76B8-424F-88A8-2B0136615268}.Debug|x86.ActiveCfg = Debug|Win32
		{CF5C7E3F-76B8-424F-88A8-2B0136615268}.Debug|x86.Build.0 = Debug|Win32
		{CF5C7E3F-76B8-424F-88A8-2B0136615268}.Release|x64.ActiveCfg = Release|x64
		{CF5C7E3F-76B8-424F-88A8-2B0136615268}.Release|x64.Build.0 = Release|x64
		{CF5C7E3F-76B8-424F-88A8-2B0136615268}.Release|x86.ActiveCfg = Release|Win32
		{CF5C7E3F-76B8-424F-88A8-2B0136615268}.Release|x86.Build.0 = Release|Win32
		{B3EC367F-2A5D-4A44-B2A3-3C1DB9BF7613}.Debug|x64.ActiveCfg = Debug|x64
		{B3EC367F-2A5D-4A44-B2A3-3C1DB9BF7613}.Debug|x64.Build.0 = Debug|x64
		{B3EC367F-2A5D-4A44-B2A3-3C1DB9BF7613}.Debug|x86.ActiveCfg = Debug|Win32
		{B3EC367F-2A5D-4A44-B2A3-3C1DB9BF7613}.Debug|x86.Build.0 = Debug|Win32
		{B3EC367F-2A5D-4A44-B2A3-3C1DB9BF7613}.Release|x64.ActiveCfg = Release|x64
		{B3EC367F-2A5D-4A44-B2A3-3C1DB9BF7613}.Release|x64.Build.0 = Release|x64
		{B3EC367F-2A5D-4A44-B2A3-3C1DB9BF7613}.Release|x86.ActiveCfg = Release|Win32
		{B3EC367F-2A5D-4A44-B2A3-3C1DB9BF7613}.Release|x86.Build.0 = Release|Win32
		{789E68A2-B55D-4C94-8728-0F4CFDF41887}.Debug|x64.ActiveCfg = Debug|x64
		{789E68A2-B55D-4C94-8728-0F4CFDF41887}.Debug|x64.Build.0 = Debug|x64
		{789E68A2-B55D-4C94-8728-0F4CFDF41887}.Debug|x86.ActiveCfg = Debug|Win32
		{789E68A2-B55D-4C94-8728-0F4CFDF41887}.Debug|x86.Build.0 = Debug|Win32
		{789E68A2-B55D-4C94-8728-0F4CFDF41887}.Release|x64.ActiveCfg = Release|x64
		{789E68A2-B55D-4C94-8728-0F4CFDF41887}.Release|x64.Build.0 = Release|x64
		{789E68A2-B55D-4C94-8728-0F4CFDF41887}.Release|x86.ActiveCfg = Release|Win32
		{789E68A2-B55D-4C94-8728-0F4CFDF41887}.Release|x86.Build.0 = Release|Win32
		{56E4F509-02FB-4FCB-A4AA-907B73461369}.Debug|x64.ActiveCfg = Debug|x64
		{56E4F509-02FB-4FCB-A4AA-907B73461369}.Debug|x64.Build.0 = Debug|x64
		{56E4F509-02FB-4FCB-A4AA-907B73461369}.Debug|x86.ActiveCfg = Debug|Win32
		{56E4F509-02FB-4FCB-A4AA-907B73461369}.Debug|x86.Build.0 = Debug|Win32
		{56E4F509-02FB-4FCB-A4AA-907B73461369}.Release|x64.ActiveCfg = Release|x64
		{56E4F509-02FB-4FCB-A4AA-907B73461369}.Release|x64.Build.0 = Release|x64
		{56E4F509-02FB-4FCB-A4AA-907B73461369}.Release|x86.ActiveCfg = Release|Win32
		{56E4F509-02FB-4FCB-A4AA-907B73461369}.Release|x86.Build.0 = Release|Win32
		{8325FAD9-7D92-4059-8305-28D872ED2080}.Debug|x64.ActiveCfg = Debug|x64
		{8325FAD9-7D92-4059-8305-28D872ED2080}.Debug|x64.Build.0 = Debug|x64
		{8325FAD9-7D92-4059-8305-28D872ED2080}.Debug|x86.ActiveCfg = Debug|Win32
		{8325FAD9-7D92-4059-8305-28D872ED2080}.Debug|x86.Build.0 = Debug|Win32
		{8325FAD9-7D92-4059-8305-28D872ED2080}.Release|x64.ActiveCfg = Release|x64
		{8325FAD9-7D92-4059-8305-28D872ED2080}.Release|x64.Build.0 = Release|x64
		{8325FAD9-7D92-4059-8305-28D872ED2080}.Release|x86.ActiveCfg = Release|Win32
		{8325FAD9-7D92-4059-8305-28D872ED2080}.Release|x86.Build.0 = Release|Win32
		{C6D7E453-8E4C-4828-94C4-E9F1B26C7404}.Debug|x64.ActiveCfg = Debug|x64
		{C6D7E453-8E4C-4828-94C4-E9F1B26C7404}.Debug|x64.Build.0 = Debug|x64
		{C6D7E453-8E4C-4828-94C4-E9F1B26C7404}.Debug|x86.ActiveCfg = Debug|Win32
		{C6D7E453-8E4C-4828-94C4-E9F1B26C7404}.Debug|x86.Build.0 = Debug|Win32
		{C6D7E453-8E4C-4828-94C4-E9F1B26C7404}.Release|x64.ActiveCfg = Release|x64
		{C6D7E453-8E4C-4828-94C4-E9F1B26C7404}.Release|x64.Build.0 = Release|x64
		{C6D7E453-8E4C-4828-94C4-E9F1B26C7404}.Release|x86.ActiveCfg = Release|Win32
		{C6D7E453-8E4C-4828-94C4-E9F1B26C7404}.Release|x86.Build.0 = Release|Win32
		{96F4F227-4B83-405C-ABDC-650F2E6465DD}.Debug|x64.ActiveCfg = Debug|x64
		{96F4F227-4B83-405C-ABDC-650F2E6465DD}.Debug|x64.Build.0 = Debug|x64
		{96F4F227-4B83-405C-ABDC-650F2E6465DD}.Debug|x86.ActiveCfg = Debug|Win32
		{96F4F227-4B83-405C-ABDC-650F2E6465DD}.Debug|x86.Build.0 = Debug|Win32
		{96F4F227-4B83-405C-ABDC-650F2E6465DD}.Release|x64.ActiveCfg = Release|x64
		{96F4F227-4B83-405C-ABDC-650F2E6465DD}.Release|x64.Build.0 = Release|x64
		{96F4F227-4B83-405C-ABDC-650F2E6465DD}.Release|x86.ActiveCfg = Release|Win32
		{96F4F227-4B83-405C-ABDC-650F2E6465DD}.Release|x86.Build.0 = Release|Win32
		{97DEBE9E-B287-4232-94CC-67016A34EA29}.Debug|x64.ActiveCfg = Debug|x64
		{97DEBE9E-B287-4232-94CC-67016A34EA29}.Debug|x64.Build.0 = Debug|x64
		{97DEBE9E-B287-4232-94CC-67016A34EA29}.Debug|x86.ActiveCfg = Debug|Win32
		{97DEBE9E-B287-4232-94CC-67016A34EA29}.Debug|x86.Build.0 = Debug|Win32
		{97DEBE9E-B287-4232-94CC-67016A34EA29}.Release|x64.ActiveCfg = Release|x64
		{97DEBE9E-B287-4232-94CC-67016A34EA29}.Release|x64.Build.0 = Release|x64
		{97DEBE9E-B287-4232-94CC-67016A34EA29}.Release|x86.ActiveCfg = Release|Win32
		{97DEBE9E-B287-4232-94CC-67016A34EA29}.Release|x86.Build.0 = Release|Win32
		{FCC466BE-4704-415E-9873-EEECC5351EEE}.Debug|x64.ActiveCfg = Debug|x64
		{FCC466BE-4704-415E-9873-EEECC5351EEE}.Debug|x64.Build.0 = Debug|x64
		{FCC466BE-4704-415E-9873-EEECC5351EEE}.Debug|x86.ActiveCfg = Debug|Win32
		{FCC466BE-4704-415E-9873-EEECC5351EEE}.Debug|x86.Build.0 = Debug|Win32
		{FCC466BE-4704-415E-9873-EEECC5351EEE}.Release|x64.ActiveCfg = Release|x64
		{FCC466BE-4704-415E-9873-EEECC5351EEE}.Release|x64.Build.0 = Release|x64
		{FCC466BE-4704-415E-9873-EEECC5351EEE}.Release|x86.ActiveCfg = Release|Win32
		{FCC466BE-4704-415E-9873-EEECC5351EEE}.Release|x86.Build.0 = Release|Win32
		{A467946F-0614-4ABC-ABE2-8DB2D22AC991}.Debug|x64.ActiveCfg = Debug|x64
		{A467946F-0614-4ABC-ABE2-8DB2D22AC991}.Debug|x64.Build.0 = Debug|x64
		{A467946F-0614-4ABC-ABE2-8DB2D22AC991}.Debug|x86.ActiveCfg = Debug|Win32
		{A467946F-0614-4ABC-ABE2-8DB2D22AC991}.Debug|x86.Build.0 = Debug|Win32
		{A467946F-0614-4ABC-ABE2-8DB2D22AC991}.Release|x64.ActiveCfg = Release|x64
		{A467946F-0614-4ABC-ABE2-8DB2D22AC991}.Release|x64.Build.0 = Release|x64
		{A467946F-0614-4ABC-ABE2-8DB2D22AC991}.Release|x86.ActiveCfg = Release|Win32
		{A467946F-0614-4ABC-ABE2-8DB2D22AC991}.Release|x86.Build.0 = Release|Win32
		{8725318B-0C21-4E8F-AA1C-F21165E4A07B}.Debug|x64.ActiveCfg = Debug|x64
		{8725318B-0C21-4E8F-AA1C-F21165E4A07B}.Debug|x64.Build.0 = Debug|x64
		{8725318B-0C21-4E8F-AA1C-F21165E4A07B}.Debug|x86.ActiveCfg = Debug|Win32
		{8725318B-0C21-4E8F-AA1C-F21165E4A07B}.Debug|x86.Build.0 = Debug|Win32
		{8725318B-0C21-4E8F-AA1C-F21165E4A07B}.Release|x64.ActiveCfg = Release|x64
		{8725318B-0C21-4E8F-AA1C-F21165E4A07B}.Release|x64.Build.0 = Release|x64
		{8725318B-0C21-4E8F-AA1C-F21165E4A07B}.Release|x86.ActiveCfg = Release|Win32
		{8725318B-0C21-4E8F-AA1C-F21165E4A07B}.Release|x86.Build.0 = Release|Win32
		{418D323D-EADE-448C-ADFB-35E1636FF452}.Debug|x64.ActiveCfg = Debug|x64
		{418D323D-EADE-448C-ADFB-35E1636FF452}.Debug|x64.Build.0 = Debug|x64
		{418D323D-EADE-448C-ADFB-35E1636FF452}.Debug|x86.ActiveCfg = Debug|Win32
		{418D323D-EADE-448C-ADFB-35E1636FF452}.Debug|x86.Build.0 = Debug|Win32
		{418D323D-EADE-448C-ADFB-35E1636FF452}.Release|x64.ActiveCfg = Release|x64
		{418D323D-EADE-448C-ADFB-35E1636FF452}.Release|x64.Build.0 = Release|x64
		{418D323D-EADE-448C-ADFB-35E1636FF452}.Release|x86.ActiveCfg = Release|Win32
		{418D323D-EADE-448C-ADFB-35E1636FF452}.Release|x86.Build.0 = Release|Win32
		{13C8B369-BC99-44D8-BCD1-DEF4435E28A2}.Debug|x64.ActiveCfg = Debug|x64
		{13C8B369-BC99-44D8-BCD1-DEF4435E28A2}.Debug|x64.Build.0 = Debug|x64
		{13C8B369-BC99-44D8-BCD1-DEF4435E28A2}.Debug|x86.ActiveCfg = Debug|Win32
		{13C8B369-BC99-44D8-BCD1-DEF4435E28A2}.Debug|x86.Build.0 = Debug|Win32
		{13C8B369-BC99-44D8-BCD1-DEF4435E28A2}.Release|x64.ActiveCfg = Release|x64
		{13C8B369-BC99-44D8-BCD1-DEF4435E28A2}.Release|x64.Build.0 = Release|x64
		{13C8B369-BC99-44D8-BCD1-DEF4435E28A2}.Release|x86.ActiveCfg = Release|Win32
		{13C8B369-BC99-44D8-BCD1-DEF4435E28A2}.Release|x86.Build.0 = Release|Win32
		{E9CF6DBC-A128-4348-AF20-726EA016C278}.Debug|x64.ActiveCfg = Debug|x64
		{E9CF6DBC-A128-4348-AF20-726EA016C278}.Debug|x64.Build.0 = Debug|x64
		{E9CF6DBC-A128-4348-AF20-726EA016C278}.Debug|x86.ActiveCfg = Debug|Win32
		{E9CF6DBC-A128-4348-AF20-726EA016C278}.Debug|x86.Build.0 = Debug|Win32
		{E9CF6DBC-A128-4348-AF20-726EA016C278}.Release|x64.ActiveCfg = Release|x64
		{E9CF6DBC-A128-4348-AF20-726EA016C278}.Release|x64.Build.0 = Release|x64
		{E9CF6DBC-A128-4348-AF20-726EA016C278}.Release|x86.ActiveCfg = Release|Win32
		{E9CF6DBC-A128-4348-AF20-726EA016C278}.Release|x86.Build.0 = Release|Win32
		{C0D5DB57-6FBC-488F-B26C-7351D8AF9C48}.Debug|x64.ActiveCfg = Debug|x64
		{C0D5DB57-6FBC-488F-B26C-7351D8AF9C48}.Debug|x64.Build.0 = Debug|x64
		{C0D5DB57-6FBC-488F-B26C-7351D8AF9C48}.Debug|x86.ActiveCfg = Debug|Win32
		{C0D5DB57-6FBC-488F-B26C-7351D8AF9C48}.Debug|x86.Build.0 = Debug|Win32
		{C0D5DB57-6FBC-488F-B26C-7351D8AF9C48}.Release|x64.ActiveCfg = Release|x64
		{C0D5DB57-6FBC-488F-B26C-7351D8AF9C48}.Release|x64.Build.0 = Release|x64
		{C0D5DB57-6FBC-488F-B26C-7351D8AF9C48}.Release|x86.ActiveCfg = Release|Win32
		{C0D5DB57-6FBC-488F-B26C-7351D8AF9C48}.Release|x86.Build.0 = Release|Win32
		{AC6B1A59-BC06-40D3-8737-5CFBE786FEF6}.Debug|x64.ActiveCfg = Debug|x64
		{AC6B1A59-BC06-40D3-8737-5CFBE786FEF6}.Debug|x64.Build.0 = Debug|x64
		{AC6B1A59-BC06-40D3-8737-5CFBE786FEF6}.Debug|x86.ActiveCfg = Debug|Win32
		{AC6B1A59-BC06-40D3-8737-5CFBE786FEF6}.Debug|x86.Build.0 = Debug|Win32
		{AC6B1A59-BC06-40D3-8737-5CFBE786FEF6}.Release|x64.ActiveCfg = Release|x64
		{AC6B1A59-BC06-40D3-8737-5CFBE786FEF6}.Release|x64.Build.0 = Release|x64
		{AC6B1A59-BC06-40D3-8737-5CFBE786FEF6}.Release|x86.ActiveCfg = Release|Win32
		{AC6B1A59-BC06-40D3-8737-5CFBE786FEF6}.Release|x86.Build.0 = Release|Win32
		{F420C37A-FF4C-41E9-AC95-DFD5BC2D6749}.Debug|x64.ActiveCfg = Debug|x64
		{F420C37A-FF4C-41E9-AC95-DFD5BC2D6749}.Debug|x64.Build.0 = Debug|x64
		{F420C37A-FF4C-41E9-AC95-DFD5BC2D6749}.Debug|x86.ActiveCfg = Debug|Win32
		{F420C37A-FF4C-41E9-AC95-DFD5BC2D6749}.Debug|x86.Build.0 = Debug|Win32
		{F420C37A-FF4C-41E9-AC95-DFD5BC2D6749}.Release|x64.ActiveCfg = Release|x64
		{F420C37A-FF4C-41E9-AC95-DFD5BC2D6749}.Release|x64.Build.0 = Release|x64
		{F420C37A-FF4C-41E9-AC95-DFD5BC2D6749}.Release|x86.ActiveCfg = Release|Win32
		{F420C37A-FF4C-41E9-AC95-DFD5BC2D6749}.Release|x86.Build.0 = Release|Win32
		{A81083EF-5E0E-4BF1-A6DE-2A0CEF33A6A4}.Debug|x64.ActiveCfg = Debug|x64
		{A81083EF-5E0E-4BF1-A6DE-2A0CEF33A6A4}.Debug|x64.Build.0 = Debug|x64
		{A81083EF-5E0E-4BF1-A6DE-2A0CEF33A6A4}.Debug|x86.ActiveCfg = Debug|Win32
		{A81083EF-5E0E-4BF1-A6DE-2A0CEF33A6A4}.Debug|x86.Build.0 = Debug|Win32
		{A81083EF-5E0E-4BF1-A6DE-2A0CEF33A6A4}.Release|x64.ActiveCfg = Release|x64
		{A81083EF-5E0E-4BF1-A6DE-2A0CEF33A6A4}.Release|x64.Build.0 = Release|x64
		{A81083EF-5E0E-4BF1-A6DE-2A0CEF33A6A4}.Release|x86.ActiveCfg = Release|Win32
		{A81083EF-5E0E-4BF1-A6DE-2A0CEF33A6A4}.Release|x86.Build.0 = Release|Win32
		{1174260F-F367-4C56-BA3D-A8FE56259DFB}.Debug|x64.ActiveCfg = Debug|x64
		{1174260F-F367-4C56-BA3D-A8FE56259DFB}.Debug|x64.Build.0 = Debug|x64
		{1174260F-F367-4C56-BA3D-A8FE56259DFB}.Debug|x86.ActiveCfg = Debug|Win32
		{1174260F-F367-4C56-BA3D-A8FE56259DFB}.Debug|x86.Build.0 = Debug|Win32
		{1174260F-F367-4C56-BA3D-A8FE56259DFB}.Release|x64.ActiveCfg = Release|x64
		{1174260F-F367-4C56-BA3D-A8FE56259DFB}.Release|x64.Build.0 = Release|x64
		{1174260F-F367-4C56-BA3D-A8FE56259DFB}.Release|x86.ActiveCfg = Release|Win32
		{1174260F-F367-4C56-BA3D-A8FE56259DFB}.Release|x86.Build.0 = Release|Win32
	EndGlobalSection
	GlobalSection(SolutionProperties) = preSolution
		HideSolutionNode = FALSE
	EndGlobalSection
	GlobalSection(ExtensibilityGlobals) = postSolution
		SolutionGuid = {30DE5A10-6D50-4FFC-A775-2799DADAD222}
	EndGlobalSection
EndGlobal
